
Microsoft Visual Studio Solution File, Format Version 12.00
# Visual Studio Version 16
VisualStudioVersion = 16.0.30611.23
MinimumVisualStudioVersion = 10.0.40219.1
Project("{FAE04EC0-301F-11D3-BF4B-00C04F79EFBC}") = "GameProject", "GameProject\GameProject.csproj", "{E35E98FB-90D2-49E3-9AFE-9ACB9E5F484C}"
EndProject
Global
	GlobalSection(SolutionConfigurationPlatforms) = preSolution
		Debug|Any CPU = Debug|Any CPU
		Release|Any CPU = Release|Any CPU
	EndGlobalSection
	GlobalSection(ProjectConfigurationPlatforms) = postSolution
		{E35E98FB-90D2-49E3-9AFE-9ACB9E5F484C}.Debug|Any CPU.ActiveCfg = Debug|Any CPU
		{E35E98FB-90D2-49E3-9AFE-9ACB9E5F484C}.Debug|Any CPU.Build.0 = Debug|Any CPU
		{E35E98FB-90D2-49E3-9AFE-9ACB9E5F484C}.Release|Any CPU.ActiveCfg = Release|Any CPU
		{E35E98FB-90D2-49E3-9AFE-9ACB9E5F484C}.Release|Any CPU.Build.0 = Release|Any CPU
	EndGlobalSection
	GlobalSection(SolutionProperties) = preSolution
		HideSolutionNode = FALSE
	EndGlobalSection
	GlobalSection(ExtensibilityGlobals) = postSolution
		SolutionGuid = {7B3753D6-1A0E-495C-BA79-7546A3B63567}
	EndGlobalSection
EndGlobal
